# This file was autogenerated by Stack.
# You should not edit this file by hand.
# For more information, please see the documentation at:
#   https://docs.haskellstack.org/en/stable/lock_files

packages:
- completed:
    hackage: http-conduit-2.3.7.1@sha256:45fa0403c59eab3237b407a86451976d948639a77db4d8ff24f5dd7e6d57b456,2968
    pantry-tree:
      size: 784
      sha256: 3cc303adfaedac70c7e3809a66b4df1d502da1d7ea886c76311074bff453acdb
  original:
    hackage: http-conduit-2.3.7.1
- completed:
    hackage: retry-0.8.0.0@sha256:319a0586876d43622bfe9406fad067adf0b4e591d125ad960bcc405237cc28f5,2240
    pantry-tree:
      size: 433
      sha256: 684b53f0c0210ad61ff0a18aad7be9351183de12c0cb152f51646a97e3cec4e9
  original:
    hackage: retry-0.8.0.0@sha256:319a0586876d43622bfe9406fad067adf0b4e591d125ad960bcc405237cc28f5
- completed:
    hackage: bytestring-0.10.8.2@sha256:0a58355cb91bc9930f951a6d14f5fb4a6022647c3aab2b7223e888843bb6a832,8921
    pantry-tree:
      size: 2788
      sha256: 5ebb0fddb2f9cdf4a295bbb610279ba7651547355d882942ad08c62efb00183c
  original:
    hackage: bytestring-0.10.8.2
- completed:
    hackage: text-1.2.3.1@sha256:ceb05f2a77b82bffe58c9ce8d8ad447191e4509bd28c14bf3da610bd6b82a62b,8560
    pantry-tree:
      size: 7456
      sha256: c9b38b60593401bb378b694a42b085d46f74f97d86d39edeb01a616965f2b581
  original:
    hackage: text-1.2.3.1
- completed:
    hackage: mtl-2.2.2@sha256:1050fb71acd9f5d67da7d992583f5bd0eb14407b9dc7acc122af1b738b706ca3,2261
    pantry-tree:
      size: 1713
      sha256: b8bdc2259e2f943a7252fb164805666fe108ac959d398e0af27b43ba2ebc241c
  original:
    hackage: mtl-2.2.2
- completed:
    hackage: http-client-0.6.1@sha256:2320e896797c7ccb23d410ed3ec056a83215cfeff0d77b65ab64ee9d2c87d181,5347
    pantry-tree:
      size: 2457
      sha256: d00ac80e8d039b437c2c4ecff429d0879ce645ac6674908cfe7a9a84f3a9dc03
  original:
    hackage: http-client-0.6.1
- completed:
    hackage: ghci-8.6.4@sha256:42b53289499bd8e5524805b0283f5fec46dc57cf2652520e879a4ac461b9823b,2126
    pantry-tree:
      size: 1055
      sha256: 3148a1ff7535751f178bbb517477cb12d8948e4ea07fb544fdf64a7a6dfd398c
  original:
    hackage: ghci-8.6.4
- completed:
    hackage: containers-0.6.0.1@sha256:50024f330653c702a339f7743522b3c2a4fff9c6bf5a7071affe270da2ee649a,15843
    pantry-tree:
      size: 4933
      sha256: 9a33a9d98310bf01b0ee2dd041dfdaaabfcbc07547a4c60443678a22cb114299
  original:
    hackage: containers-0.6.0.1
snapshots:
- completed:
    size: 497089
    url: https://raw.githubusercontent.com/commercialhaskell/stackage-snapshots/master/lts/13/15.yaml
    sha256: 62c27bdce4a1b7cae3d2f6c29d1d0ae49d75bbbeb7ac6d7e6783d964562c3675
  original: lts-13.15
